{
  "version": "4",
  "specifiers": {
    "jsr:@std/assert@1": "1.0.6",
    "jsr:@std/assert@^1.0.6": "1.0.6",
    "jsr:@std/data-structures@^1.0.4": "1.0.4",
    "jsr:@std/expect@1": "1.0.5",
    "jsr:@std/fs@^1.0.4": "1.0.4",
    "jsr:@std/internal@^1.0.4": "1.0.4",
    "jsr:@std/path@^1.0.6": "1.0.6",
    "jsr:@std/testing@1": "1.0.3",
    "npm:prettier-plugin-organize-imports@^4.1.0": "4.1.0_prettier@3.3.3_typescript@5.6.3",
    "npm:prettier@*": "3.3.3"
  },
  "jsr": {
    "@std/assert@1.0.6": {
      "integrity": "1904c05806a25d94fe791d6d883b685c9e2dcd60e4f9fc30f4fc5cf010c72207",
      "dependencies": [
        "jsr:@std/internal"
      ]
    },
    "@std/data-structures@1.0.4": {
      "integrity": "fa0e20c11eb9ba673417450915c750a0001405a784e2a4e0c3725031681684a0"
    },
    "@std/expect@1.0.5": {
      "integrity": "8c7ac797e2ffe57becc6399c0f2fd06230cb9ef124d45229c6e592c563824af1",
      "dependencies": [
        "jsr:@std/assert@^1.0.6",
        "jsr:@std/internal"
      ]
    },
    "@std/fs@1.0.4": {
      "integrity": "2907d32d8d1d9e540588fd5fe0ec21ee638134bd51df327ad4e443aaef07123c",
      "dependencies": [
        "jsr:@std/path"
      ]
    },
    "@std/internal@1.0.4": {
      "integrity": "62e8e4911527e5e4f307741a795c0b0a9e6958d0b3790716ae71ce085f755422"
    },
    "@std/path@1.0.6": {
      "integrity": "ab2c55f902b380cf28e0eec501b4906e4c1960d13f00e11cfbcd21de15f18fed"
    },
    "@std/testing@1.0.3": {
      "integrity": "f98c2bee53860a5916727d7e7d3abe920dd6f9edace022e2d059f00d05c2cf42",
      "dependencies": [
        "jsr:@std/assert@^1.0.6",
        "jsr:@std/data-structures",
        "jsr:@std/fs",
        "jsr:@std/internal",
        "jsr:@std/path"
      ]
    }
  },
  "npm": {
    "prettier-plugin-organize-imports@4.1.0_prettier@3.3.3_typescript@5.6.3": {
      "integrity": "sha512-5aWRdCgv645xaa58X8lOxzZoiHAldAPChljr/MT0crXVOWTZ+Svl4hIWlz+niYSlO6ikE5UXkN1JrRvIP2ut0A==",
      "dependencies": [
        "prettier",
        "typescript"
      ]
    },
    "prettier@3.3.3": {
      "integrity": "sha512-i2tDNA0O5IrMO757lfrdQZCc2jPNDVntV0m/+4whiDfWaTKfMNgR7Qz0NAeGz/nRqF4m5/6CLzbP4/liHt12Ew=="
    },
    "typescript@5.6.3": {
      "integrity": "sha512-hjcS1mhfuyi4WW8IWtjP7brDrG2cuDZukyrYrSauoXGNgx0S7zceP07adYkJycEr56BOUTNPzbInooiN3fn1qw=="
    }
  },
  "workspace": {
    "dependencies": [
      "jsr:@std/expect@1",
      "jsr:@std/testing@1",
      "npm:prettier-plugin-organize-imports@^4.1.0"
    ],
    "members": {
      "packages/event-bus": {
        "dependencies": [
          "jsr:@std/assert@1"
        ]
      }
    }
  }
}
